
Microsoft Visual Studio Solution File, Format Version 12.00
# Visual Studio 15
VisualStudioVersion = 15.0.28307.645
MinimumVisualStudioVersion = 10.0.40219.1
Project("{FAE04EC0-301F-11D3-BF4B-00C04F79EFBC}") = "HWStudentClass", "Problem1StudentClass\HWStudentClass.csproj", "{7CC3A945-4A45-49E7-A66D-AC5A47D4435E}"
EndProject
Project("{FAE04EC0-301F-11D3-BF4B-00C04F79EFBC}") = "HWPersonClass", "HWPersonClass\HWPersonClass.csproj", "{AC1568EE-071A-46BC-9F1A-1D535FE02BC7}"
EndProject
Global
	GlobalSection(SolutionConfigurationPlatforms) = preSolution
		Debug|Any CPU = Debug|Any CPU
		Release|Any CPU = Release|Any CPU
	EndGlobalSection
	GlobalSection(ProjectConfigurationPlatforms) = postSolution
		{7CC3A945-4A45-49E7-A66D-AC5A47D4435E}.Debug|Any CPU.ActiveCfg = Debug|Any CPU
		{7CC3A945-4A45-49E7-A66D-AC5A47D4435E}.Debug|Any CPU.Build.0 = Debug|Any CPU
		{7CC3A945-4A45-49E7-A66D-AC5A47D4435E}.Release|Any CPU.ActiveCfg = Release|Any CPU
		{7CC3A945-4A45-49E7-A66D-AC5A47D4435E}.Release|Any CPU.Build.0 = Release|Any CPU
		{AC1568EE-071A-46BC-9F1A-1D535FE02BC7}.Debug|Any CPU.ActiveCfg = Debug|Any CPU
		{AC1568EE-071A-46BC-9F1A-1D535FE02BC7}.Debug|Any CPU.Build.0 = Debug|Any CPU
		{AC1568EE-071A-46BC-9F1A-1D535FE02BC7}.Release|Any CPU.ActiveCfg = Release|Any CPU
		{AC1568EE-071A-46BC-9F1A-1D535FE02BC7}.Release|Any CPU.Build.0 = Release|Any CPU
	EndGlobalSection
	GlobalSection(SolutionProperties) = preSolution
		HideSolutionNode = FALSE
	EndGlobalSection
	GlobalSection(ExtensibilityGlobals) = postSolution
		SolutionGuid = {BB31C92D-CD16-4D1A-AFE7-1B7B5CDDB27D}
	EndGlobalSection
EndGlobal
