
Microsoft Visual Studio Solution File, Format Version 12.00
# Visual Studio 15
VisualStudioVersion = 15.0.28307.645
MinimumVisualStudioVersion = 10.0.40219.1
Project("{FAE04EC0-301F-11D3-BF4B-00C04F79EFBC}") = "Week6CTS", "Week6\Week6CTS.csproj", "{4E132DA5-57C2-4038-A92B-22A93AD7E9BF}"
EndProject
Global
	GlobalSection(SolutionConfigurationPlatforms) = preSolution
		Debug|Any CPU = Debug|Any CPU
		Release|Any CPU = Release|Any CPU
	EndGlobalSection
	GlobalSection(ProjectConfigurationPlatforms) = postSolution
		{4E132DA5-57C2-4038-A92B-22A93AD7E9BF}.Debug|Any CPU.ActiveCfg = Debug|Any CPU
		{4E132DA5-57C2-4038-A92B-22A93AD7E9BF}.Debug|Any CPU.Build.0 = Debug|Any CPU
		{4E132DA5-57C2-4038-A92B-22A93AD7E9BF}.Release|Any CPU.ActiveCfg = Release|Any CPU
		{4E132DA5-57C2-4038-A92B-22A93AD7E9BF}.Release|Any CPU.Build.0 = Release|Any CPU
	EndGlobalSection
	GlobalSection(SolutionProperties) = preSolution
		HideSolutionNode = FALSE
	EndGlobalSection
	GlobalSection(ExtensibilityGlobals) = postSolution
		SolutionGuid = {BB31C92D-CD16-4D1A-AFE7-1B7B5CDDB27D}
	EndGlobalSection
EndGlobal
